// !$*UTF8*$!
{
	archiveVersion = 1;
	classes = {
	};
	objectVersion = 52;
	objects = {

/* Begin PBXBuildFile section */
		02051774253F27A5004A5F8C /* FacebookLogin in Frameworks */ = {isa = PBXBuildFile; productRef = 02051773253F27A5004A5F8C /* FacebookLogin */; };
		02051776253F27A5004A5F8C /* FacebookShare in Frameworks */ = {isa = PBXBuildFile; productRef = 02051775253F27A5004A5F8C /* FacebookShare */; };
		02051778253F27A5004A5F8C /* FacebookCore in Frameworks */ = {isa = PBXBuildFile; productRef = 02051777253F27A5004A5F8C /* FacebookCore */; };
		021D2C68253B6ADE002BF969 /* WarmViewController.swift in Sources */ = {isa = PBXBuildFile; fileRef = 021D2C67253B6ADE002BF969 /* WarmViewController.swift */; };
		021D2C70253B6AEF002BF969 /* WarmViewController.xib in Resources */ = {isa = PBXBuildFile; fileRef = 021D2C6F253B6AEF002BF969 /* WarmViewController.xib */; };
		022F0346253662AD0054D57F /* CoolSignInViewController.xib in Resources */ = {isa = PBXBuildFile; fileRef = 022F0345253662AD0054D57F /* CoolSignInViewController.xib */; };
		0263B7DE2547F44100C7953A /* FireBaseAuthManager.swift in Sources */ = {isa = PBXBuildFile; fileRef = 0263B7DD2547F44100C7953A /* FireBaseAuthManager.swift */; };
		027F720B2546230B00BDAD55 /* GoogleService-Dev.plist in Resources */ = {isa = PBXBuildFile; fileRef = 027F72092546230B00BDAD55 /* GoogleService-Dev.plist */; };
		027F720C2546230B00BDAD55 /* GoogleService-Prod.plist in Resources */ = {isa = PBXBuildFile; fileRef = 027F720A2546230B00BDAD55 /* GoogleService-Prod.plist */; };
		0289E675252D84D6007EEB12 /* Home.xib in Resources */ = {isa = PBXBuildFile; fileRef = 0289E674252D84D6007EEB12 /* Home.xib */; };
		02BB28BC2548630000E76BE3 /* CoolServiceProvider.swift in Sources */ = {isa = PBXBuildFile; fileRef = 02BB28BB2548630000E76BE3 /* CoolServiceProvider.swift */; };
		02F5A68A252A1B50001F9753 /* AppDelegate.swift in Sources */ = {isa = PBXBuildFile; fileRef = 02F5A689252A1B50001F9753 /* AppDelegate.swift */; };
		02F5A68E252A1B50001F9753 /* CoolSignInViewController.swift in Sources */ = {isa = PBXBuildFile; fileRef = 02F5A68D252A1B50001F9753 /* CoolSignInViewController.swift */; };
		02F5A693252A1B56001F9753 /* Assets.xcassets in Resources */ = {isa = PBXBuildFile; fileRef = 02F5A692252A1B56001F9753 /* Assets.xcassets */; };
		02F5A6A1252A1B57001F9753 /* COOLTests.swift in Sources */ = {isa = PBXBuildFile; fileRef = 02F5A6A0252A1B57001F9753 /* COOLTests.swift */; };
		02F5A6AC252A1B57001F9753 /* COOLUITests.swift in Sources */ = {isa = PBXBuildFile; fileRef = 02F5A6AB252A1B57001F9753 /* COOLUITests.swift */; };
		02F5A6C6252A3488001F9753 /* LaunchScreen.xib in Resources */ = {isa = PBXBuildFile; fileRef = 02F5A6C5252A3488001F9753 /* LaunchScreen.xib */; };
		8B47FF922D42B053293B62E4 /* Pods_COOL.framework in Frameworks */ = {isa = PBXBuildFile; fileRef = 17078178D6D539FEBA309F49 /* Pods_COOL.framework */; };
		CA95F89507A8288D18AA44D5 /* Pods_COOLTests.framework in Frameworks */ = {isa = PBXBuildFile; fileRef = 411AB93808105A6B96B2DAE0 /* Pods_COOLTests.framework */; };
		DE47CA32253F589F001B04DD /* CoolUser.swift in Sources */ = {isa = PBXBuildFile; fileRef = DE47CA31253F589F001B04DD /* CoolUser.swift */; };
		DE47CA3E253F5A39001B04DD /* ViewModel.swift in Sources */ = {isa = PBXBuildFile; fileRef = DE47CA3D253F5A39001B04DD /* ViewModel.swift */; };
		DE4A4E54252E9C13000F5739 /* History.xib in Resources */ = {isa = PBXBuildFile; fileRef = DE4A4E53252E9C13000F5739 /* History.xib */; };
		DE6423CB2538D16200A15130 /* CoolMindWelcome.swift in Sources */ = {isa = PBXBuildFile; fileRef = DE6423C92538D16200A15130 /* CoolMindWelcome.swift */; };
		DE6423CC2538D16200A15130 /* CoolMindWelcome.xib in Resources */ = {isa = PBXBuildFile; fileRef = DE6423CA2538D16200A15130 /* CoolMindWelcome.xib */; };
		DE677510253B3D9700B01A65 /* Profile.xib in Resources */ = {isa = PBXBuildFile; fileRef = DE67750F253B3D9700B01A65 /* Profile.xib */; };
		DE9F207925375F2C009461CF /* UDKeys.swift in Sources */ = {isa = PBXBuildFile; fileRef = DE9F207825375F2C009461CF /* UDKeys.swift */; };
		DEBC2A45252BDDF2009F787B /* Home.swift in Sources */ = {isa = PBXBuildFile; fileRef = DEBC2A44252BDDF2009F787B /* Home.swift */; };
		DEBC2A4E252BDF76009F787B /* MainTabBar.swift in Sources */ = {isa = PBXBuildFile; fileRef = DEBC2A4D252BDF76009F787B /* MainTabBar.swift */; };
		DEBC2A5B252BE4E2009F787B /* History.swift in Sources */ = {isa = PBXBuildFile; fileRef = DEBC2A5A252BE4E2009F787B /* History.swift */; };
		DEBC2A60252BE505009F787B /* Stats.swift in Sources */ = {isa = PBXBuildFile; fileRef = DEBC2A5F252BE505009F787B /* Stats.swift */; };
		DEBC2A65252BE521009F787B /* Community.swift in Sources */ = {isa = PBXBuildFile; fileRef = DEBC2A64252BE521009F787B /* Community.swift */; };
		DEBC2A6A252BE545009F787B /* Profile.swift in Sources */ = {isa = PBXBuildFile; fileRef = DEBC2A69252BE545009F787B /* Profile.swift */; };
		DEBC2A6F252BE567009F787B /* Discover.swift in Sources */ = {isa = PBXBuildFile; fileRef = DEBC2A6E252BE567009F787B /* Discover.swift */; };
		DED4FC9E2544AEAB00F04AB2 /* ColorSchemeButton.swift in Sources */ = {isa = PBXBuildFile; fileRef = DED4FC9D2544AEAB00F04AB2 /* ColorSchemeButton.swift */; };
		F3829E2A7128C502C730479C /* Pods_COOL_COOLUITests.framework in Frameworks */ = {isa = PBXBuildFile; fileRef = F8A865FCC02C3AD45DDF7896 /* Pods_COOL_COOLUITests.framework */; };
/* End PBXBuildFile section */

/* Begin PBXContainerItemProxy section */
		02F5A69D252A1B57001F9753 /* PBXContainerItemProxy */ = {
			isa = PBXContainerItemProxy;
			containerPortal = 02F5A67E252A1B50001F9753 /* Project object */;
			proxyType = 1;
			remoteGlobalIDString = 02F5A685252A1B50001F9753;
			remoteInfo = COOL;
		};
		02F5A6A8252A1B57001F9753 /* PBXContainerItemProxy */ = {
			isa = PBXContainerItemProxy;
			containerPortal = 02F5A67E252A1B50001F9753 /* Project object */;
			proxyType = 1;
			remoteGlobalIDString = 02F5A685252A1B50001F9753;
			remoteInfo = COOL;
		};
/* End PBXContainerItemProxy section */

/* Begin PBXFileReference section */
		021BB5B8253E5C4500D942F2 /* Production.plist */ = {isa = PBXFileReference; fileEncoding = 4; lastKnownFileType = text.plist.xml; path = Production.plist; sourceTree = "<group>"; };
		021D2C67253B6ADE002BF969 /* WarmViewController.swift */ = {isa = PBXFileReference; lastKnownFileType = sourcecode.swift; path = WarmViewController.swift; sourceTree = "<group>"; };
		021D2C6F253B6AEF002BF969 /* WarmViewController.xib */ = {isa = PBXFileReference; lastKnownFileType = file.xib; path = WarmViewController.xib; sourceTree = "<group>"; };
		022F0345253662AD0054D57F /* CoolSignInViewController.xib */ = {isa = PBXFileReference; lastKnownFileType = file.xib; path = CoolSignInViewController.xib; sourceTree = "<group>"; };
		0263B7DD2547F44100C7953A /* FireBaseAuthManager.swift */ = {isa = PBXFileReference; lastKnownFileType = sourcecode.swift; path = FireBaseAuthManager.swift; sourceTree = "<group>"; };
		027F72092546230B00BDAD55 /* GoogleService-Dev.plist */ = {isa = PBXFileReference; fileEncoding = 4; lastKnownFileType = text.plist.xml; path = "GoogleService-Dev.plist"; sourceTree = "<group>"; };
		027F720A2546230B00BDAD55 /* GoogleService-Prod.plist */ = {isa = PBXFileReference; fileEncoding = 4; lastKnownFileType = text.plist.xml; path = "GoogleService-Prod.plist"; sourceTree = "<group>"; };
		0289E674252D84D6007EEB12 /* Home.xib */ = {isa = PBXFileReference; lastKnownFileType = file.xib; path = Home.xib; sourceTree = "<group>"; };
		02BB28BB2548630000E76BE3 /* CoolServiceProvider.swift */ = {isa = PBXFileReference; lastKnownFileType = sourcecode.swift; path = CoolServiceProvider.swift; sourceTree = "<group>"; };
		02F5A686252A1B50001F9753 /* COOL.app */ = {isa = PBXFileReference; explicitFileType = wrapper.application; includeInIndex = 0; path = COOL.app; sourceTree = BUILT_PRODUCTS_DIR; };
		02F5A689252A1B50001F9753 /* AppDelegate.swift */ = {isa = PBXFileReference; lastKnownFileType = sourcecode.swift; path = AppDelegate.swift; sourceTree = "<group>"; };
		02F5A68D252A1B50001F9753 /* CoolSignInViewController.swift */ = {isa = PBXFileReference; lastKnownFileType = sourcecode.swift; path = CoolSignInViewController.swift; sourceTree = "<group>"; };
		02F5A692252A1B56001F9753 /* Assets.xcassets */ = {isa = PBXFileReference; lastKnownFileType = folder.assetcatalog; path = Assets.xcassets; sourceTree = "<group>"; };
		02F5A697252A1B56001F9753 /* Enterprise.plist */ = {isa = PBXFileReference; lastKnownFileType = text.plist.xml; path = Enterprise.plist; sourceTree = "<group>"; };
		02F5A69C252A1B57001F9753 /* COOLTests.xctest */ = {isa = PBXFileReference; explicitFileType = wrapper.cfbundle; includeInIndex = 0; path = COOLTests.xctest; sourceTree = BUILT_PRODUCTS_DIR; };
		02F5A6A0252A1B57001F9753 /* COOLTests.swift */ = {isa = PBXFileReference; lastKnownFileType = sourcecode.swift; path = COOLTests.swift; sourceTree = "<group>"; };
		02F5A6A2252A1B57001F9753 /* Info.plist */ = {isa = PBXFileReference; lastKnownFileType = text.plist.xml; path = Info.plist; sourceTree = "<group>"; };
		02F5A6A7252A1B57001F9753 /* COOLUITests.xctest */ = {isa = PBXFileReference; explicitFileType = wrapper.cfbundle; includeInIndex = 0; path = COOLUITests.xctest; sourceTree = BUILT_PRODUCTS_DIR; };
		02F5A6AB252A1B57001F9753 /* COOLUITests.swift */ = {isa = PBXFileReference; lastKnownFileType = sourcecode.swift; path = COOLUITests.swift; sourceTree = "<group>"; };
		02F5A6AD252A1B57001F9753 /* Info.plist */ = {isa = PBXFileReference; lastKnownFileType = text.plist.xml; path = Info.plist; sourceTree = "<group>"; };
		02F5A6C5252A3488001F9753 /* LaunchScreen.xib */ = {isa = PBXFileReference; lastKnownFileType = file.xib; path = LaunchScreen.xib; sourceTree = "<group>"; };
		17078178D6D539FEBA309F49 /* Pods_COOL.framework */ = {isa = PBXFileReference; explicitFileType = wrapper.framework; includeInIndex = 0; path = Pods_COOL.framework; sourceTree = BUILT_PRODUCTS_DIR; };
		1B9373E71A880282010C1B11 /* Pods-COOLTests.prod.xcconfig */ = {isa = PBXFileReference; includeInIndex = 1; lastKnownFileType = text.xcconfig; name = "Pods-COOLTests.prod.xcconfig"; path = "Target Support Files/Pods-COOLTests/Pods-COOLTests.prod.xcconfig"; sourceTree = "<group>"; };
		411AB93808105A6B96B2DAE0 /* Pods_COOLTests.framework */ = {isa = PBXFileReference; explicitFileType = wrapper.framework; includeInIndex = 0; path = Pods_COOLTests.framework; sourceTree = BUILT_PRODUCTS_DIR; };
		48606E24DC3BDB2C58A6FBCF /* Pods-COOL-COOLUITests.prod.xcconfig */ = {isa = PBXFileReference; includeInIndex = 1; lastKnownFileType = text.xcconfig; name = "Pods-COOL-COOLUITests.prod.xcconfig"; path = "Target Support Files/Pods-COOL-COOLUITests/Pods-COOL-COOLUITests.prod.xcconfig"; sourceTree = "<group>"; };
		5EE8DB3E5AC757AD4C11D519 /* Pods-COOL.development.xcconfig */ = {isa = PBXFileReference; includeInIndex = 1; lastKnownFileType = text.xcconfig; name = "Pods-COOL.development.xcconfig"; path = "Target Support Files/Pods-COOL/Pods-COOL.development.xcconfig"; sourceTree = "<group>"; };
		7855CD6777F6C15A46187C1E /* Pods-COOL.release.xcconfig */ = {isa = PBXFileReference; includeInIndex = 1; lastKnownFileType = text.xcconfig; name = "Pods-COOL.release.xcconfig"; path = "Target Support Files/Pods-COOL/Pods-COOL.release.xcconfig"; sourceTree = "<group>"; };
		7CAF70CBA858DC837F4874F1 /* Pods-COOL-COOLUITests.debug.xcconfig */ = {isa = PBXFileReference; includeInIndex = 1; lastKnownFileType = text.xcconfig; name = "Pods-COOL-COOLUITests.debug.xcconfig"; path = "Target Support Files/Pods-COOL-COOLUITests/Pods-COOL-COOLUITests.debug.xcconfig"; sourceTree = "<group>"; };
		99949CB795D2310A922C7C13 /* Pods-COOL-COOLUITests.release.xcconfig */ = {isa = PBXFileReference; includeInIndex = 1; lastKnownFileType = text.xcconfig; name = "Pods-COOL-COOLUITests.release.xcconfig"; path = "Target Support Files/Pods-COOL-COOLUITests/Pods-COOL-COOLUITests.release.xcconfig"; sourceTree = "<group>"; };
		9E3512A883FEE159AC5E7BC1 /* Pods-COOL-COOLUITests.development.xcconfig */ = {isa = PBXFileReference; includeInIndex = 1; lastKnownFileType = text.xcconfig; name = "Pods-COOL-COOLUITests.development.xcconfig"; path = "Target Support Files/Pods-COOL-COOLUITests/Pods-COOL-COOLUITests.development.xcconfig"; sourceTree = "<group>"; };
		AB60D18C24265CCA0AD69420 /* Pods-COOL.debug.xcconfig */ = {isa = PBXFileReference; includeInIndex = 1; lastKnownFileType = text.xcconfig; name = "Pods-COOL.debug.xcconfig"; path = "Target Support Files/Pods-COOL/Pods-COOL.debug.xcconfig"; sourceTree = "<group>"; };
		CF00AE0CAA5184CB608A3E27 /* Pods-COOL.prod.xcconfig */ = {isa = PBXFileReference; includeInIndex = 1; lastKnownFileType = text.xcconfig; name = "Pods-COOL.prod.xcconfig"; path = "Target Support Files/Pods-COOL/Pods-COOL.prod.xcconfig"; sourceTree = "<group>"; };
		DE47CA31253F589F001B04DD /* CoolUser.swift */ = {isa = PBXFileReference; lastKnownFileType = sourcecode.swift; path = CoolUser.swift; sourceTree = "<group>"; };
		DE47CA3D253F5A39001B04DD /* ViewModel.swift */ = {isa = PBXFileReference; lastKnownFileType = sourcecode.swift; path = ViewModel.swift; sourceTree = "<group>"; };
		DE4A4E53252E9C13000F5739 /* History.xib */ = {isa = PBXFileReference; lastKnownFileType = file.xib; path = History.xib; sourceTree = "<group>"; };
		DE6423C92538D16200A15130 /* CoolMindWelcome.swift */ = {isa = PBXFileReference; lastKnownFileType = sourcecode.swift; path = CoolMindWelcome.swift; sourceTree = "<group>"; };
		DE6423CA2538D16200A15130 /* CoolMindWelcome.xib */ = {isa = PBXFileReference; lastKnownFileType = file.xib; path = CoolMindWelcome.xib; sourceTree = "<group>"; };
		DE67750F253B3D9700B01A65 /* Profile.xib */ = {isa = PBXFileReference; lastKnownFileType = file.xib; path = Profile.xib; sourceTree = "<group>"; };
		DE9F207825375F2C009461CF /* UDKeys.swift */ = {isa = PBXFileReference; lastKnownFileType = sourcecode.swift; path = UDKeys.swift; sourceTree = "<group>"; };
		DEBC2A44252BDDF2009F787B /* Home.swift */ = {isa = PBXFileReference; lastKnownFileType = sourcecode.swift; path = Home.swift; sourceTree = "<group>"; };
		DEBC2A4D252BDF76009F787B /* MainTabBar.swift */ = {isa = PBXFileReference; lastKnownFileType = sourcecode.swift; path = MainTabBar.swift; sourceTree = "<group>"; };
		DEBC2A5A252BE4E2009F787B /* History.swift */ = {isa = PBXFileReference; lastKnownFileType = sourcecode.swift; path = History.swift; sourceTree = "<group>"; };
		DEBC2A5F252BE505009F787B /* Stats.swift */ = {isa = PBXFileReference; lastKnownFileType = sourcecode.swift; path = Stats.swift; sourceTree = "<group>"; };
		DEBC2A64252BE521009F787B /* Community.swift */ = {isa = PBXFileReference; lastKnownFileType = sourcecode.swift; path = Community.swift; sourceTree = "<group>"; };
		DEBC2A69252BE545009F787B /* Profile.swift */ = {isa = PBXFileReference; lastKnownFileType = sourcecode.swift; path = Profile.swift; sourceTree = "<group>"; };
		DEBC2A6E252BE567009F787B /* Discover.swift */ = {isa = PBXFileReference; lastKnownFileType = sourcecode.swift; path = Discover.swift; sourceTree = "<group>"; };
		DED4FC9D2544AEAB00F04AB2 /* ColorSchemeButton.swift */ = {isa = PBXFileReference; lastKnownFileType = sourcecode.swift; path = ColorSchemeButton.swift; sourceTree = "<group>"; };
		E52928D5A3DFB19F8B6B98D9 /* Pods-COOLTests.development.xcconfig */ = {isa = PBXFileReference; includeInIndex = 1; lastKnownFileType = text.xcconfig; name = "Pods-COOLTests.development.xcconfig"; path = "Target Support Files/Pods-COOLTests/Pods-COOLTests.development.xcconfig"; sourceTree = "<group>"; };
		E9E5F32D79518816561FE5D1 /* Pods-COOLTests.release.xcconfig */ = {isa = PBXFileReference; includeInIndex = 1; lastKnownFileType = text.xcconfig; name = "Pods-COOLTests.release.xcconfig"; path = "Target Support Files/Pods-COOLTests/Pods-COOLTests.release.xcconfig"; sourceTree = "<group>"; };
		EA74D348CF89C434EB96388F /* Pods-COOLTests.debug.xcconfig */ = {isa = PBXFileReference; includeInIndex = 1; lastKnownFileType = text.xcconfig; name = "Pods-COOLTests.debug.xcconfig"; path = "Target Support Files/Pods-COOLTests/Pods-COOLTests.debug.xcconfig"; sourceTree = "<group>"; };
		F8A865FCC02C3AD45DDF7896 /* Pods_COOL_COOLUITests.framework */ = {isa = PBXFileReference; explicitFileType = wrapper.framework; includeInIndex = 0; path = Pods_COOL_COOLUITests.framework; sourceTree = BUILT_PRODUCTS_DIR; };
/* End PBXFileReference section */

/* Begin PBXFrameworksBuildPhase section */
		02F5A683252A1B50001F9753 /* Frameworks */ = {
			isa = PBXFrameworksBuildPhase;
			buildActionMask = 2147483647;
			files = (
				02051774253F27A5004A5F8C /* FacebookLogin in Frameworks */,
				8B47FF922D42B053293B62E4 /* Pods_COOL.framework in Frameworks */,
				02051776253F27A5004A5F8C /* FacebookShare in Frameworks */,
				02051778253F27A5004A5F8C /* FacebookCore in Frameworks */,
			);
			runOnlyForDeploymentPostprocessing = 0;
		};
		02F5A699252A1B57001F9753 /* Frameworks */ = {
			isa = PBXFrameworksBuildPhase;
			buildActionMask = 2147483647;
			files = (
				CA95F89507A8288D18AA44D5 /* Pods_COOLTests.framework in Frameworks */,
			);
			runOnlyForDeploymentPostprocessing = 0;
		};
		02F5A6A4252A1B57001F9753 /* Frameworks */ = {
			isa = PBXFrameworksBuildPhase;
			buildActionMask = 2147483647;
			files = (
				F3829E2A7128C502C730479C /* Pods_COOL_COOLUITests.framework in Frameworks */,
			);
			runOnlyForDeploymentPostprocessing = 0;
		};
/* End PBXFrameworksBuildPhase section */

/* Begin PBXGroup section */
		021D2C66253B6AB0002BF969 /* Warm */ = {
			isa = PBXGroup;
			children = (
				021D2C67253B6ADE002BF969 /* WarmViewController.swift */,
				021D2C6F253B6AEF002BF969 /* WarmViewController.xib */,
			);
			path = Warm;
			sourceTree = "<group>";
		};
		022F0344253662820054D57F /* Signin */ = {
			isa = PBXGroup;
			children = (
				02F5A68D252A1B50001F9753 /* CoolSignInViewController.swift */,
				022F0345253662AD0054D57F /* CoolSignInViewController.xib */,
				0263B7DD2547F44100C7953A /* FireBaseAuthManager.swift */,
			);
			path = Signin;
			sourceTree = "<group>";
		};
		027F7203254620E200BDAD55 /* Resources */ = {
			isa = PBXGroup;
			children = (
				027F7207254621CC00BDAD55 /* Firebase */,
				02F5A692252A1B56001F9753 /* Assets.xcassets */,
			);
			path = Resources;
			sourceTree = "<group>";
		};
		027F7207254621CC00BDAD55 /* Firebase */ = {
			isa = PBXGroup;
			children = (
				027F72092546230B00BDAD55 /* GoogleService-Dev.plist */,
				027F720A2546230B00BDAD55 /* GoogleService-Prod.plist */,
			);
			path = Firebase;
			sourceTree = "<group>";
		};
		02BB28BA254862D400E76BE3 /* Provider */ = {
			isa = PBXGroup;
			children = (
				02BB28BB2548630000E76BE3 /* CoolServiceProvider.swift */,
			);
			path = Provider;
			sourceTree = "<group>";
		};
		02F5A67D252A1B50001F9753 = {
			isa = PBXGroup;
			children = (
				02F5A688252A1B50001F9753 /* COOL */,
				02F5A69F252A1B57001F9753 /* COOLTests */,
				02F5A6AA252A1B57001F9753 /* COOLUITests */,
				02F5A687252A1B50001F9753 /* Products */,
				1E871D6AFAE7F35F4B990583 /* Pods */,
				1090516FECB066EEB36FE588 /* Frameworks */,
			);
			sourceTree = "<group>";
		};
		02F5A687252A1B50001F9753 /* Products */ = {
			isa = PBXGroup;
			children = (
				02F5A686252A1B50001F9753 /* COOL.app */,
				02F5A69C252A1B57001F9753 /* COOLTests.xctest */,
				02F5A6A7252A1B57001F9753 /* COOLUITests.xctest */,
			);
			name = Products;
			sourceTree = "<group>";
		};
		02F5A688252A1B50001F9753 /* COOL */ = {
			isa = PBXGroup;
			children = (
				02BB28BA254862D400E76BE3 /* Provider */,
				DE47CA3C253F5A10001B04DD /* ViewModel */,
				DE47CA30253F5887001B04DD /* Model */,
				DE9F207725375F19009461CF /* UserDefaults */,
				022F0344253662820054D57F /* Signin */,
				DEBC2A4C252BDF30009F787B /* TabBar */,
				DE883CF9252BC79600FB78DA /* Screens */,
				027F7203254620E200BDAD55 /* Resources */,
				02F5A689252A1B50001F9753 /* AppDelegate.swift */,
				02F5A697252A1B56001F9753 /* Enterprise.plist */,
				021BB5B8253E5C4500D942F2 /* Production.plist */,
				02F5A6C5252A3488001F9753 /* LaunchScreen.xib */,
			);
			path = COOL;
			sourceTree = "<group>";
		};
		02F5A69F252A1B57001F9753 /* COOLTests */ = {
			isa = PBXGroup;
			children = (
				02F5A6A0252A1B57001F9753 /* COOLTests.swift */,
				02F5A6A2252A1B57001F9753 /* Info.plist */,
			);
			path = COOLTests;
			sourceTree = "<group>";
		};
		02F5A6AA252A1B57001F9753 /* COOLUITests */ = {
			isa = PBXGroup;
			children = (
				02F5A6AB252A1B57001F9753 /* COOLUITests.swift */,
				02F5A6AD252A1B57001F9753 /* Info.plist */,
			);
			path = COOLUITests;
			sourceTree = "<group>";
		};
		1090516FECB066EEB36FE588 /* Frameworks */ = {
			isa = PBXGroup;
			children = (
				17078178D6D539FEBA309F49 /* Pods_COOL.framework */,
				F8A865FCC02C3AD45DDF7896 /* Pods_COOL_COOLUITests.framework */,
				411AB93808105A6B96B2DAE0 /* Pods_COOLTests.framework */,
			);
			name = Frameworks;
			sourceTree = "<group>";
		};
		1E871D6AFAE7F35F4B990583 /* Pods */ = {
			isa = PBXGroup;
			children = (
				AB60D18C24265CCA0AD69420 /* Pods-COOL.debug.xcconfig */,
				7855CD6777F6C15A46187C1E /* Pods-COOL.release.xcconfig */,
				7CAF70CBA858DC837F4874F1 /* Pods-COOL-COOLUITests.debug.xcconfig */,
				99949CB795D2310A922C7C13 /* Pods-COOL-COOLUITests.release.xcconfig */,
				EA74D348CF89C434EB96388F /* Pods-COOLTests.debug.xcconfig */,
				E9E5F32D79518816561FE5D1 /* Pods-COOLTests.release.xcconfig */,
				5EE8DB3E5AC757AD4C11D519 /* Pods-COOL.development.xcconfig */,
				CF00AE0CAA5184CB608A3E27 /* Pods-COOL.prod.xcconfig */,
				9E3512A883FEE159AC5E7BC1 /* Pods-COOL-COOLUITests.development.xcconfig */,
				48606E24DC3BDB2C58A6FBCF /* Pods-COOL-COOLUITests.prod.xcconfig */,
				E52928D5A3DFB19F8B6B98D9 /* Pods-COOLTests.development.xcconfig */,
				1B9373E71A880282010C1B11 /* Pods-COOLTests.prod.xcconfig */,
			);
			path = Pods;
			sourceTree = "<group>";
		};
		DE47CA30253F5887001B04DD /* Model */ = {
			isa = PBXGroup;
			children = (
				DE47CA31253F589F001B04DD /* CoolUser.swift */,
			);
			path = Model;
			sourceTree = "<group>";
		};
		DE47CA3C253F5A10001B04DD /* ViewModel */ = {
			isa = PBXGroup;
			children = (
				DE47CA3D253F5A39001B04DD /* ViewModel.swift */,
			);
			path = ViewModel;
			sourceTree = "<group>";
		};
		DE6423B52538CDA300A15130 /* Cool Mind */ = {
			isa = PBXGroup;
			children = (
				DE6423C82538D14B00A15130 /* Welcome */,
			);
			path = "Cool Mind";
			sourceTree = "<group>";
		};
		DE6423C82538D14B00A15130 /* Welcome */ = {
			isa = PBXGroup;
			children = (
				DE6423C92538D16200A15130 /* CoolMindWelcome.swift */,
				DE6423CA2538D16200A15130 /* CoolMindWelcome.xib */,
			);
			path = Welcome;
			sourceTree = "<group>";
		};
		DE883CF9252BC79600FB78DA /* Screens */ = {
			isa = PBXGroup;
			children = (
				DEBC2A59252BE4C2009F787B /* Discover */,
				DEBC2A58252BE4BA009F787B /* Profile */,
				DEBC2A57252BE4AF009F787B /* Community */,
				DEBC2A56252BE4A6009F787B /* Stats */,
				DEBC2A55252BE492009F787B /* History */,
				DEBC2A43252BDDC7009F787B /* Home */,
			);
			path = Screens;
			sourceTree = "<group>";
		};
		DE9F207725375F19009461CF /* UserDefaults */ = {
			isa = PBXGroup;
			children = (
				DE9F207825375F2C009461CF /* UDKeys.swift */,
			);
			path = UserDefaults;
			sourceTree = "<group>";
		};
		DEBC2A43252BDDC7009F787B /* Home */ = {
			isa = PBXGroup;
			children = (
				021D2C66253B6AB0002BF969 /* Warm */,
				DE6423B52538CDA300A15130 /* Cool Mind */,
				DEBC2A44252BDDF2009F787B /* Home.swift */,
				0289E674252D84D6007EEB12 /* Home.xib */,
			);
			path = Home;
			sourceTree = "<group>";
		};
		DEBC2A4C252BDF30009F787B /* TabBar */ = {
			isa = PBXGroup;
			children = (
				DEBC2A4D252BDF76009F787B /* MainTabBar.swift */,
			);
			path = TabBar;
			sourceTree = "<group>";
		};
		DEBC2A55252BE492009F787B /* History */ = {
			isa = PBXGroup;
			children = (
				DEBC2A5A252BE4E2009F787B /* History.swift */,
				DE4A4E53252E9C13000F5739 /* History.xib */,
			);
			path = History;
			sourceTree = "<group>";
		};
		DEBC2A56252BE4A6009F787B /* Stats */ = {
			isa = PBXGroup;
			children = (
				DEBC2A5F252BE505009F787B /* Stats.swift */,
			);
			path = Stats;
			sourceTree = "<group>";
		};
		DEBC2A57252BE4AF009F787B /* Community */ = {
			isa = PBXGroup;
			children = (
				DEBC2A64252BE521009F787B /* Community.swift */,
			);
			path = Community;
			sourceTree = "<group>";
		};
		DEBC2A58252BE4BA009F787B /* Profile */ = {
			isa = PBXGroup;
			children = (
				DEBC2A69252BE545009F787B /* Profile.swift */,
				DE67750F253B3D9700B01A65 /* Profile.xib */,
				DED4FC9D2544AEAB00F04AB2 /* ColorSchemeButton.swift */,
			);
			path = Profile;
			sourceTree = "<group>";
		};
		DEBC2A59252BE4C2009F787B /* Discover */ = {
			isa = PBXGroup;
			children = (
				DEBC2A6E252BE567009F787B /* Discover.swift */,
			);
			path = Discover;
			sourceTree = "<group>";
		};
/* End PBXGroup section */

/* Begin PBXNativeTarget section */
		02F5A685252A1B50001F9753 /* COOL */ = {
			isa = PBXNativeTarget;
			buildConfigurationList = 02F5A6B0252A1B57001F9753 /* Build configuration list for PBXNativeTarget "COOL" */;
			buildPhases = (
				7C5A506DD8E5994A3DBBE309 /* [CP] Check Pods Manifest.lock */,
				02F5A682252A1B50001F9753 /* Sources */,
				02F5A683252A1B50001F9753 /* Frameworks */,
				02F5A684252A1B50001F9753 /* Resources */,
				49B18BC82CBFACA7B9A8FE72 /* [CP] Embed Pods Frameworks */,
				49695F7F82B4F749A161B2FC /* [CP] Copy Pods Resources */,
				027F720225461F8F00BDAD55 /* Update Firebase Configuration */,
			);
			buildRules = (
			);
			dependencies = (
			);
			name = COOL;
			packageProductDependencies = (
				02051773253F27A5004A5F8C /* FacebookLogin */,
				02051775253F27A5004A5F8C /* FacebookShare */,
				02051777253F27A5004A5F8C /* FacebookCore */,
			);
			productName = COOL;
			productReference = 02F5A686252A1B50001F9753 /* COOL.app */;
			productType = "com.apple.product-type.application";
		};
		02F5A69B252A1B57001F9753 /* COOLTests */ = {
			isa = PBXNativeTarget;
			buildConfigurationList = 02F5A6B3252A1B57001F9753 /* Build configuration list for PBXNativeTarget "COOLTests" */;
			buildPhases = (
				5F7C0ABE57441DCBCDDDDD83 /* [CP] Check Pods Manifest.lock */,
				02F5A698252A1B57001F9753 /* Sources */,
				02F5A699252A1B57001F9753 /* Frameworks */,
				02F5A69A252A1B57001F9753 /* Resources */,
			);
			buildRules = (
			);
			dependencies = (
				02F5A69E252A1B57001F9753 /* PBXTargetDependency */,
			);
			name = COOLTests;
			productName = COOLTests;
			productReference = 02F5A69C252A1B57001F9753 /* COOLTests.xctest */;
			productType = "com.apple.product-type.bundle.unit-test";
		};
		02F5A6A6252A1B57001F9753 /* COOLUITests */ = {
			isa = PBXNativeTarget;
			buildConfigurationList = 02F5A6B6252A1B57001F9753 /* Build configuration list for PBXNativeTarget "COOLUITests" */;
			buildPhases = (
				34E3922A62E53CBEF1BD7569 /* [CP] Check Pods Manifest.lock */,
				02F5A6A3252A1B57001F9753 /* Sources */,
				02F5A6A4252A1B57001F9753 /* Frameworks */,
				02F5A6A5252A1B57001F9753 /* Resources */,
				6C169C383C6F4AF96F0F3D73 /* [CP] Embed Pods Frameworks */,
				C92B01EB0D0A2CE8BDD07966 /* [CP] Copy Pods Resources */,
			);
			buildRules = (
			);
			dependencies = (
				02F5A6A9252A1B57001F9753 /* PBXTargetDependency */,
			);
			name = COOLUITests;
			productName = COOLUITests;
			productReference = 02F5A6A7252A1B57001F9753 /* COOLUITests.xctest */;
			productType = "com.apple.product-type.bundle.ui-testing";
		};
/* End PBXNativeTarget section */

/* Begin PBXProject section */
		02F5A67E252A1B50001F9753 /* Project object */ = {
			isa = PBXProject;
			attributes = {
				LastSwiftUpdateCheck = 1200;
				LastUpgradeCheck = 1200;
				TargetAttributes = {
					02F5A685252A1B50001F9753 = {
						CreatedOnToolsVersion = 12.0.1;
					};
					02F5A69B252A1B57001F9753 = {
						CreatedOnToolsVersion = 12.0.1;
						TestTargetID = 02F5A685252A1B50001F9753;
					};
					02F5A6A6252A1B57001F9753 = {
						CreatedOnToolsVersion = 12.0.1;
						TestTargetID = 02F5A685252A1B50001F9753;
					};
				};
			};
			buildConfigurationList = 02F5A681252A1B50001F9753 /* Build configuration list for PBXProject "COOL" */;
			compatibilityVersion = "Xcode 9.3";
			developmentRegion = en;
			hasScannedForEncodings = 0;
			knownRegions = (
				en,
				Base,
			);
			mainGroup = 02F5A67D252A1B50001F9753;
			packageReferences = (
				02051772253F27A5004A5F8C /* XCRemoteSwiftPackageReference "facebook-ios-sdk" */,
			);
			productRefGroup = 02F5A687252A1B50001F9753 /* Products */;
			projectDirPath = "";
			projectRoot = "";
			targets = (
				02F5A685252A1B50001F9753 /* COOL */,
				02F5A69B252A1B57001F9753 /* COOLTests */,
				02F5A6A6252A1B57001F9753 /* COOLUITests */,
			);
		};
/* End PBXProject section */

/* Begin PBXResourcesBuildPhase section */
		02F5A684252A1B50001F9753 /* Resources */ = {
			isa = PBXResourcesBuildPhase;
			buildActionMask = 2147483647;
			files = (
				DE6423CC2538D16200A15130 /* CoolMindWelcome.xib in Resources */,
				02F5A6C6252A3488001F9753 /* LaunchScreen.xib in Resources */,
				027F720C2546230B00BDAD55 /* GoogleService-Prod.plist in Resources */,
				0289E675252D84D6007EEB12 /* Home.xib in Resources */,
				DE4A4E54252E9C13000F5739 /* History.xib in Resources */,
				02F5A693252A1B56001F9753 /* Assets.xcassets in Resources */,
				DE677510253B3D9700B01A65 /* Profile.xib in Resources */,
				022F0346253662AD0054D57F /* CoolSignInViewController.xib in Resources */,
				021D2C70253B6AEF002BF969 /* WarmViewController.xib in Resources */,
				027F720B2546230B00BDAD55 /* GoogleService-Dev.plist in Resources */,
			);
			runOnlyForDeploymentPostprocessing = 0;
		};
		02F5A69A252A1B57001F9753 /* Resources */ = {
			isa = PBXResourcesBuildPhase;
			buildActionMask = 2147483647;
			files = (
			);
			runOnlyForDeploymentPostprocessing = 0;
		};
		02F5A6A5252A1B57001F9753 /* Resources */ = {
			isa = PBXResourcesBuildPhase;
			buildActionMask = 2147483647;
			files = (
			);
			runOnlyForDeploymentPostprocessing = 0;
		};
/* End PBXResourcesBuildPhase section */

/* Begin PBXShellScriptBuildPhase section */
		027F720225461F8F00BDAD55 /* Update Firebase Configuration */ = {
			isa = PBXShellScriptBuildPhase;
			buildActionMask = 2147483647;
			files = (
			);
			inputFileListPaths = (
			);
			inputPaths = (
			);
			name = "Update Firebase Configuration";
			outputFileListPaths = (
			);
			outputPaths = (
			);
			runOnlyForDeploymentPostprocessing = 0;
			shellPath = /bin/sh;
			shellScript = "PATH_TO_GOOGLE_PLISTS=\"${PWD}/COOL/Resources/Firebase\"\n\ncase \"${CONFIGURATION}\" in\n\n   \"Development\" )\n        cp -r \"$PATH_TO_GOOGLE_PLISTS/GoogleService-Dev.plist\" \"${BUILT_PRODUCTS_DIR}/${PRODUCT_NAME}.app/GoogleService-Info.plist\" ;;\n\n    \"Prod\" )\n        cp -r \"$PATH_TO_GOOGLE_PLISTS/GoogleService-Prod.plist\" \"${BUILT_PRODUCTS_DIR}/${PRODUCT_NAME}.app/GoogleService-Info.plist\" ;;\n\n    *)\n        ;;\nesac\n";
		};
		34E3922A62E53CBEF1BD7569 /* [CP] Check Pods Manifest.lock */ = {
			isa = PBXShellScriptBuildPhase;
			buildActionMask = 2147483647;
			files = (
			);
			inputFileListPaths = (
			);
			inputPaths = (
				"${PODS_PODFILE_DIR_PATH}/Podfile.lock",
				"${PODS_ROOT}/Manifest.lock",
			);
			name = "[CP] Check Pods Manifest.lock";
			outputFileListPaths = (
			);
			outputPaths = (
				"$(DERIVED_FILE_DIR)/Pods-COOL-COOLUITests-checkManifestLockResult.txt",
			);
			runOnlyForDeploymentPostprocessing = 0;
			shellPath = /bin/sh;
			shellScript = "diff \"${PODS_PODFILE_DIR_PATH}/Podfile.lock\" \"${PODS_ROOT}/Manifest.lock\" > /dev/null\nif [ $? != 0 ] ; then\n    # print error to STDERR\n    echo \"error: The sandbox is not in sync with the Podfile.lock. Run 'pod install' or update your CocoaPods installation.\" >&2\n    exit 1\nfi\n# This output is used by Xcode 'outputs' to avoid re-running this script phase.\necho \"SUCCESS\" > \"${SCRIPT_OUTPUT_FILE_0}\"\n";
			showEnvVarsInLog = 0;
		};
		49695F7F82B4F749A161B2FC /* [CP] Copy Pods Resources */ = {
			isa = PBXShellScriptBuildPhase;
			buildActionMask = 2147483647;
			files = (
			);
			inputFileListPaths = (
				"${PODS_ROOT}/Target Support Files/Pods-COOL/Pods-COOL-resources-${CONFIGURATION}-input-files.xcfilelist",
			);
			name = "[CP] Copy Pods Resources";
			outputFileListPaths = (
				"${PODS_ROOT}/Target Support Files/Pods-COOL/Pods-COOL-resources-${CONFIGURATION}-output-files.xcfilelist",
			);
			runOnlyForDeploymentPostprocessing = 0;
			shellPath = /bin/sh;
			shellScript = "\"${PODS_ROOT}/Target Support Files/Pods-COOL/Pods-COOL-resources.sh\"\n";
			showEnvVarsInLog = 0;
		};
		49B18BC82CBFACA7B9A8FE72 /* [CP] Embed Pods Frameworks */ = {
			isa = PBXShellScriptBuildPhase;
			buildActionMask = 2147483647;
			files = (
			);
			inputFileListPaths = (
				"${PODS_ROOT}/Target Support Files/Pods-COOL/Pods-COOL-frameworks-${CONFIGURATION}-input-files.xcfilelist",
			);
			name = "[CP] Embed Pods Frameworks";
			outputFileListPaths = (
				"${PODS_ROOT}/Target Support Files/Pods-COOL/Pods-COOL-frameworks-${CONFIGURATION}-output-files.xcfilelist",
			);
			runOnlyForDeploymentPostprocessing = 0;
			shellPath = /bin/sh;
			shellScript = "\"${PODS_ROOT}/Target Support Files/Pods-COOL/Pods-COOL-frameworks.sh\"\n";
			showEnvVarsInLog = 0;
		};
		5F7C0ABE57441DCBCDDDDD83 /* [CP] Check Pods Manifest.lock */ = {
			isa = PBXShellScriptBuildPhase;
			buildActionMask = 2147483647;
			files = (
			);
			inputFileListPaths = (
			);
			inputPaths = (
				"${PODS_PODFILE_DIR_PATH}/Podfile.lock",
				"${PODS_ROOT}/Manifest.lock",
			);
			name = "[CP] Check Pods Manifest.lock";
			outputFileListPaths = (
			);
			outputPaths = (
				"$(DERIVED_FILE_DIR)/Pods-COOLTests-checkManifestLockResult.txt",
			);
			runOnlyForDeploymentPostprocessing = 0;
			shellPath = /bin/sh;
			shellScript = "diff \"${PODS_PODFILE_DIR_PATH}/Podfile.lock\" \"${PODS_ROOT}/Manifest.lock\" > /dev/null\nif [ $? != 0 ] ; then\n    # print error to STDERR\n    echo \"error: The sandbox is not in sync with the Podfile.lock. Run 'pod install' or update your CocoaPods installation.\" >&2\n    exit 1\nfi\n# This output is used by Xcode 'outputs' to avoid re-running this script phase.\necho \"SUCCESS\" > \"${SCRIPT_OUTPUT_FILE_0}\"\n";
			showEnvVarsInLog = 0;
		};
		6C169C383C6F4AF96F0F3D73 /* [CP] Embed Pods Frameworks */ = {
			isa = PBXShellScriptBuildPhase;
			buildActionMask = 2147483647;
			files = (
			);
			inputFileListPaths = (
				"${PODS_ROOT}/Target Support Files/Pods-COOL-COOLUITests/Pods-COOL-COOLUITests-frameworks-${CONFIGURATION}-input-files.xcfilelist",
			);
			name = "[CP] Embed Pods Frameworks";
			outputFileListPaths = (
				"${PODS_ROOT}/Target Support Files/Pods-COOL-COOLUITests/Pods-COOL-COOLUITests-frameworks-${CONFIGURATION}-output-files.xcfilelist",
			);
			runOnlyForDeploymentPostprocessing = 0;
			shellPath = /bin/sh;
			shellScript = "\"${PODS_ROOT}/Target Support Files/Pods-COOL-COOLUITests/Pods-COOL-COOLUITests-frameworks.sh\"\n";
			showEnvVarsInLog = 0;
		};
		7C5A506DD8E5994A3DBBE309 /* [CP] Check Pods Manifest.lock */ = {
			isa = PBXShellScriptBuildPhase;
			buildActionMask = 2147483647;
			files = (
			);
			inputFileListPaths = (
			);
			inputPaths = (
				"${PODS_PODFILE_DIR_PATH}/Podfile.lock",
				"${PODS_ROOT}/Manifest.lock",
			);
			name = "[CP] Check Pods Manifest.lock";
			outputFileListPaths = (
			);
			outputPaths = (
				"$(DERIVED_FILE_DIR)/Pods-COOL-checkManifestLockResult.txt",
			);
			runOnlyForDeploymentPostprocessing = 0;
			shellPath = /bin/sh;
			shellScript = "diff \"${PODS_PODFILE_DIR_PATH}/Podfile.lock\" \"${PODS_ROOT}/Manifest.lock\" > /dev/null\nif [ $? != 0 ] ; then\n    # print error to STDERR\n    echo \"error: The sandbox is not in sync with the Podfile.lock. Run 'pod install' or update your CocoaPods installation.\" >&2\n    exit 1\nfi\n# This output is used by Xcode 'outputs' to avoid re-running this script phase.\necho \"SUCCESS\" > \"${SCRIPT_OUTPUT_FILE_0}\"\n";
			showEnvVarsInLog = 0;
		};
		C92B01EB0D0A2CE8BDD07966 /* [CP] Copy Pods Resources */ = {
			isa = PBXShellScriptBuildPhase;
			buildActionMask = 2147483647;
			files = (
			);
			inputFileListPaths = (
				"${PODS_ROOT}/Target Support Files/Pods-COOL-COOLUITests/Pods-COOL-COOLUITests-resources-${CONFIGURATION}-input-files.xcfilelist",
			);
			name = "[CP] Copy Pods Resources";
			outputFileListPaths = (
				"${PODS_ROOT}/Target Support Files/Pods-COOL-COOLUITests/Pods-COOL-COOLUITests-resources-${CONFIGURATION}-output-files.xcfilelist",
			);
			runOnlyForDeploymentPostprocessing = 0;
			shellPath = /bin/sh;
			shellScript = "\"${PODS_ROOT}/Target Support Files/Pods-COOL-COOLUITests/Pods-COOL-COOLUITests-resources.sh\"\n";
			showEnvVarsInLog = 0;
		};
/* End PBXShellScriptBuildPhase section */

/* Begin PBXSourcesBuildPhase section */
		02F5A682252A1B50001F9753 /* Sources */ = {
			isa = PBXSourcesBuildPhase;
			buildActionMask = 2147483647;
			files = (
				DEBC2A4E252BDF76009F787B /* MainTabBar.swift in Sources */,
				DEBC2A6A252BE545009F787B /* Profile.swift in Sources */,
				0263B7DE2547F44100C7953A /* FireBaseAuthManager.swift in Sources */,
				02BB28BC2548630000E76BE3 /* CoolServiceProvider.swift in Sources */,
				DEBC2A6F252BE567009F787B /* Discover.swift in Sources */,
				DEBC2A60252BE505009F787B /* Stats.swift in Sources */,
				02F5A68E252A1B50001F9753 /* CoolSignInViewController.swift in Sources */,
				DE47CA32253F589F001B04DD /* CoolUser.swift in Sources */,
				DED4FC9E2544AEAB00F04AB2 /* ColorSchemeButton.swift in Sources */,
				DE47CA3E253F5A39001B04DD /* ViewModel.swift in Sources */,
				021D2C68253B6ADE002BF969 /* WarmViewController.swift in Sources */,
				DE6423CB2538D16200A15130 /* CoolMindWelcome.swift in Sources */,
				DEBC2A45252BDDF2009F787B /* Home.swift in Sources */,
				02F5A68A252A1B50001F9753 /* AppDelegate.swift in Sources */,
				DEBC2A65252BE521009F787B /* Community.swift in Sources */,
				DEBC2A5B252BE4E2009F787B /* History.swift in Sources */,
				DE9F207925375F2C009461CF /* UDKeys.swift in Sources */,
			);
			runOnlyForDeploymentPostprocessing = 0;
		};
		02F5A698252A1B57001F9753 /* Sources */ = {
			isa = PBXSourcesBuildPhase;
			buildActionMask = 2147483647;
			files = (
				02F5A6A1252A1B57001F9753 /* COOLTests.swift in Sources */,
			);
			runOnlyForDeploymentPostprocessing = 0;
		};
		02F5A6A3252A1B57001F9753 /* Sources */ = {
			isa = PBXSourcesBuildPhase;
			buildActionMask = 2147483647;
			files = (
				02F5A6AC252A1B57001F9753 /* COOLUITests.swift in Sources */,
			);
			runOnlyForDeploymentPostprocessing = 0;
		};
/* End PBXSourcesBuildPhase section */

/* Begin PBXTargetDependency section */
		02F5A69E252A1B57001F9753 /* PBXTargetDependency */ = {
			isa = PBXTargetDependency;
			target = 02F5A685252A1B50001F9753 /* COOL */;
			targetProxy = 02F5A69D252A1B57001F9753 /* PBXContainerItemProxy */;
		};
		02F5A6A9252A1B57001F9753 /* PBXTargetDependency */ = {
			isa = PBXTargetDependency;
			target = 02F5A685252A1B50001F9753 /* COOL */;
			targetProxy = 02F5A6A8252A1B57001F9753 /* PBXContainerItemProxy */;
		};
/* End PBXTargetDependency section */

/* Begin XCBuildConfiguration section */
		021BB5C9253E9D4E00D942F2 /* Prod */ = {
			isa = XCBuildConfiguration;
			buildSettings = {
				ALWAYS_SEARCH_USER_PATHS = NO;
				CLANG_ANALYZER_NONNULL = YES;
				CLANG_ANALYZER_NUMBER_OBJECT_CONVERSION = YES_AGGRESSIVE;
				CLANG_CXX_LANGUAGE_STANDARD = "gnu++14";
				CLANG_CXX_LIBRARY = "libc++";
				CLANG_ENABLE_MODULES = YES;
				CLANG_ENABLE_OBJC_ARC = YES;
				CLANG_ENABLE_OBJC_WEAK = YES;
				CLANG_WARN_BLOCK_CAPTURE_AUTORELEASING = YES;
				CLANG_WARN_BOOL_CONVERSION = YES;
				CLANG_WARN_COMMA = YES;
				CLANG_WARN_CONSTANT_CONVERSION = YES;
				CLANG_WARN_DEPRECATED_OBJC_IMPLEMENTATIONS = YES;
				CLANG_WARN_DIRECT_OBJC_ISA_USAGE = YES_ERROR;
				CLANG_WARN_DOCUMENTATION_COMMENTS = YES;
				CLANG_WARN_EMPTY_BODY = YES;
				CLANG_WARN_ENUM_CONVERSION = YES;
				CLANG_WARN_INFINITE_RECURSION = YES;
				CLANG_WARN_INT_CONVERSION = YES;
				CLANG_WARN_NON_LITERAL_NULL_CONVERSION = YES;
				CLANG_WARN_OBJC_IMPLICIT_RETAIN_SELF = YES;
				CLANG_WARN_OBJC_LITERAL_CONVERSION = YES;
				CLANG_WARN_OBJC_ROOT_CLASS = YES_ERROR;
				CLANG_WARN_QUOTED_INCLUDE_IN_FRAMEWORK_HEADER = YES;
				CLANG_WARN_RANGE_LOOP_ANALYSIS = YES;
				CLANG_WARN_STRICT_PROTOTYPES = YES;
				CLANG_WARN_SUSPICIOUS_MOVE = YES;
				CLANG_WARN_UNGUARDED_AVAILABILITY = YES_AGGRESSIVE;
				CLANG_WARN_UNREACHABLE_CODE = YES;
				CLANG_WARN__DUPLICATE_METHOD_MATCH = YES;
				COPY_PHASE_STRIP = YES;
				DEBUG_INFORMATION_FORMAT = "dwarf-with-dsym";
				ENABLE_NS_ASSERTIONS = NO;
				ENABLE_STRICT_OBJC_MSGSEND = YES;
				GCC_C_LANGUAGE_STANDARD = gnu11;
				GCC_NO_COMMON_BLOCKS = YES;
				GCC_WARN_64_TO_32_BIT_CONVERSION = YES;
				GCC_WARN_ABOUT_RETURN_TYPE = YES_ERROR;
				GCC_WARN_UNDECLARED_SELECTOR = YES;
				GCC_WARN_UNINITIALIZED_AUTOS = YES_AGGRESSIVE;
				GCC_WARN_UNUSED_FUNCTION = YES;
				GCC_WARN_UNUSED_VARIABLE = YES;
				IPHONEOS_DEPLOYMENT_TARGET = 14.0;
				MTL_ENABLE_DEBUG_INFO = NO;
				MTL_FAST_MATH = YES;
				SDKROOT = iphoneos;
				SWIFT_COMPILATION_MODE = wholemodule;
				SWIFT_OPTIMIZATION_LEVEL = "-O";
				SWIFT_VERSION = 5.0;
				VALIDATE_PRODUCT = NO;
			};
			name = Prod;
		};
		021BB5CA253E9D4E00D942F2 /* Prod */ = {
			isa = XCBuildConfiguration;
			baseConfigurationReference = CF00AE0CAA5184CB608A3E27 /* Pods-COOL.prod.xcconfig */;
			buildSettings = {
				ASSETCATALOG_COMPILER_APPICON_NAME = AppIcon;
				ASSETCATALOG_COMPILER_GLOBAL_ACCENT_COLOR_NAME = AccentColor;
				CODE_SIGN_IDENTITY = "iPhone Distribution";
				CODE_SIGN_STYLE = Manual;
				DEVELOPMENT_TEAM = 7T4GSVKLCG;
				"EXCLUDED_ARCHS[sdk=*]" = arm64;
				INFOPLIST_FILE = COOL/Production.plist;
				LD_RUNPATH_SEARCH_PATHS = (
					"$(inherited)",
					"@executable_path/Frameworks",
				);
				PRODUCT_BUNDLE_IDENTIFIER = com.parvati.coolmobile;
				PRODUCT_NAME = "$(TARGET_NAME)";
				PROVISIONING_PROFILE_SPECIFIER = "Cool iOS App Production";
				SWIFT_VERSION = 5.0;
				TARGETED_DEVICE_FAMILY = "1,2";
				VALIDATE_PRODUCT = YES;
			};
			name = Prod;
		};
		021BB5CB253E9D4E00D942F2 /* Prod */ = {
			isa = XCBuildConfiguration;
			baseConfigurationReference = 1B9373E71A880282010C1B11 /* Pods-COOLTests.prod.xcconfig */;
			buildSettings = {
				ALWAYS_EMBED_SWIFT_STANDARD_LIBRARIES = YES;
				BUNDLE_LOADER = "$(TEST_HOST)";
				CODE_SIGN_STYLE = Automatic;
				DEVELOPMENT_TEAM = L6TEPJ988Q;
				INFOPLIST_FILE = COOLTests/Info.plist;
				IPHONEOS_DEPLOYMENT_TARGET = 14.0;
				LD_RUNPATH_SEARCH_PATHS = (
					"$(inherited)",
					"@executable_path/Frameworks",
					"@loader_path/Frameworks",
				);
				PRODUCT_BUNDLE_IDENTIFIER = paravathi.COOLTests;
				PRODUCT_NAME = "$(TARGET_NAME)";
				SWIFT_VERSION = 5.0;
				TARGETED_DEVICE_FAMILY = "1,2";
				TEST_HOST = "$(BUILT_PRODUCTS_DIR)/COOL.app/COOL";
			};
			name = Prod;
		};
		021BB5CC253E9D4E00D942F2 /* Prod */ = {
			isa = XCBuildConfiguration;
			baseConfigurationReference = 48606E24DC3BDB2C58A6FBCF /* Pods-COOL-COOLUITests.prod.xcconfig */;
			buildSettings = {
				ALWAYS_EMBED_SWIFT_STANDARD_LIBRARIES = YES;
				CODE_SIGN_STYLE = Automatic;
				DEVELOPMENT_TEAM = L6TEPJ988Q;
				INFOPLIST_FILE = COOLUITests/Info.plist;
				LD_RUNPATH_SEARCH_PATHS = (
					"$(inherited)",
					"@executable_path/Frameworks",
					"@loader_path/Frameworks",
				);
				PRODUCT_BUNDLE_IDENTIFIER = paravathi.COOLUITests;
				PRODUCT_NAME = "$(TARGET_NAME)";
				SWIFT_VERSION = 5.0;
				TARGETED_DEVICE_FAMILY = "1,2";
				TEST_TARGET_NAME = COOL;
			};
			name = Prod;
		};
		02F5A6AE252A1B57001F9753 /* Development */ = {
			isa = XCBuildConfiguration;
			buildSettings = {
				ALWAYS_SEARCH_USER_PATHS = NO;
				CLANG_ANALYZER_NONNULL = YES;
				CLANG_ANALYZER_NUMBER_OBJECT_CONVERSION = YES_AGGRESSIVE;
				CLANG_CXX_LANGUAGE_STANDARD = "gnu++14";
				CLANG_CXX_LIBRARY = "libc++";
				CLANG_ENABLE_MODULES = YES;
				CLANG_ENABLE_OBJC_ARC = YES;
				CLANG_ENABLE_OBJC_WEAK = YES;
				CLANG_WARN_BLOCK_CAPTURE_AUTORELEASING = YES;
				CLANG_WARN_BOOL_CONVERSION = YES;
				CLANG_WARN_COMMA = YES;
				CLANG_WARN_CONSTANT_CONVERSION = YES;
				CLANG_WARN_DEPRECATED_OBJC_IMPLEMENTATIONS = YES;
				CLANG_WARN_DIRECT_OBJC_ISA_USAGE = YES_ERROR;
				CLANG_WARN_DOCUMENTATION_COMMENTS = YES;
				CLANG_WARN_EMPTY_BODY = YES;
				CLANG_WARN_ENUM_CONVERSION = YES;
				CLANG_WARN_INFINITE_RECURSION = YES;
				CLANG_WARN_INT_CONVERSION = YES;
				CLANG_WARN_NON_LITERAL_NULL_CONVERSION = YES;
				CLANG_WARN_OBJC_IMPLICIT_RETAIN_SELF = YES;
				CLANG_WARN_OBJC_LITERAL_CONVERSION = YES;
				CLANG_WARN_OBJC_ROOT_CLASS = YES_ERROR;
				CLANG_WARN_QUOTED_INCLUDE_IN_FRAMEWORK_HEADER = YES;
				CLANG_WARN_RANGE_LOOP_ANALYSIS = YES;
				CLANG_WARN_STRICT_PROTOTYPES = YES;
				CLANG_WARN_SUSPICIOUS_MOVE = YES;
				CLANG_WARN_UNGUARDED_AVAILABILITY = YES_AGGRESSIVE;
				CLANG_WARN_UNREACHABLE_CODE = YES;
				CLANG_WARN__DUPLICATE_METHOD_MATCH = YES;
				COPY_PHASE_STRIP = NO;
				DEBUG_INFORMATION_FORMAT = dwarf;
				ENABLE_STRICT_OBJC_MSGSEND = YES;
				ENABLE_TESTABILITY = YES;
				GCC_C_LANGUAGE_STANDARD = gnu11;
				GCC_DYNAMIC_NO_PIC = NO;
				GCC_NO_COMMON_BLOCKS = YES;
				GCC_OPTIMIZATION_LEVEL = 0;
				GCC_PREPROCESSOR_DEFINITIONS = (
					"DEBUG=1",
					"$(inherited)",
				);
				GCC_WARN_64_TO_32_BIT_CONVERSION = YES;
				GCC_WARN_ABOUT_RETURN_TYPE = YES_ERROR;
				GCC_WARN_UNDECLARED_SELECTOR = YES;
				GCC_WARN_UNINITIALIZED_AUTOS = YES_AGGRESSIVE;
				GCC_WARN_UNUSED_FUNCTION = YES;
				GCC_WARN_UNUSED_VARIABLE = YES;
				IPHONEOS_DEPLOYMENT_TARGET = 14.0;
				MTL_ENABLE_DEBUG_INFO = INCLUDE_SOURCE;
				MTL_FAST_MATH = YES;
				ONLY_ACTIVE_ARCH = YES;
				SDKROOT = iphoneos;
				SWIFT_ACTIVE_COMPILATION_CONDITIONS = DEBUG;
				SWIFT_COMPILATION_MODE = wholemodule;
				SWIFT_OPTIMIZATION_LEVEL = "-O";
				SWIFT_VERSION = 5.0;
				VALIDATE_PRODUCT = YES;
			};
			name = Development;
		};
		02F5A6B1252A1B57001F9753 /* Development */ = {
			isa = XCBuildConfiguration;
			baseConfigurationReference = 5EE8DB3E5AC757AD4C11D519 /* Pods-COOL.development.xcconfig */;
			buildSettings = {
				ASSETCATALOG_COMPILER_APPICON_NAME = AppIcon;
				ASSETCATALOG_COMPILER_GLOBAL_ACCENT_COLOR_NAME = AccentColor;
				CODE_SIGN_IDENTITY = "iPhone Developer";
				CODE_SIGN_STYLE = Manual;
				DEVELOPMENT_TEAM = 7T4GSVKLCG;
				ENABLE_BITCODE = NO;
				"EXCLUDED_ARCHS[sdk=*]" = arm64;
				GENERATE_MASTER_OBJECT_FILE = NO;
				INFOPLIST_FILE = COOL/Enterprise.plist;
				LD_RUNPATH_SEARCH_PATHS = (
					"$(inherited)",
					"@executable_path/Frameworks",
				);
				PRODUCT_BUNDLE_IDENTIFIER = com.parvati.enterprise.cool;
				PRODUCT_NAME = "$(TARGET_NAME)";
				PROVISIONING_PROFILE_SPECIFIER = "Cool App Development";
				SWIFT_VERSION = 5.0;
				TARGETED_DEVICE_FAMILY = "1,2";
				VALIDATE_PRODUCT = NO;
			};
			name = Development;
		};
		02F5A6B4252A1B57001F9753 /* Development */ = {
			isa = XCBuildConfiguration;
			baseConfigurationReference = E52928D5A3DFB19F8B6B98D9 /* Pods-COOLTests.development.xcconfig */;
			buildSettings = {
				ALWAYS_EMBED_SWIFT_STANDARD_LIBRARIES = YES;
				BUNDLE_LOADER = "$(TEST_HOST)";
				CODE_SIGN_STYLE = Automatic;
				DEVELOPMENT_TEAM = L6TEPJ988Q;
				INFOPLIST_FILE = COOLTests/Info.plist;
				IPHONEOS_DEPLOYMENT_TARGET = 14.0;
				LD_RUNPATH_SEARCH_PATHS = (
					"$(inherited)",
					"@executable_path/Frameworks",
					"@loader_path/Frameworks",
				);
				PRODUCT_BUNDLE_IDENTIFIER = paravathi.COOLTests;
				PRODUCT_NAME = "$(TARGET_NAME)";
				SWIFT_VERSION = 5.0;
				TARGETED_DEVICE_FAMILY = "1,2";
				TEST_HOST = "$(BUILT_PRODUCTS_DIR)/COOL.app/COOL";
			};
			name = Development;
		};
		02F5A6B7252A1B57001F9753 /* Development */ = {
			isa = XCBuildConfiguration;
			baseConfigurationReference = 9E3512A883FEE159AC5E7BC1 /* Pods-COOL-COOLUITests.development.xcconfig */;
			buildSettings = {
				ALWAYS_EMBED_SWIFT_STANDARD_LIBRARIES = YES;
				CODE_SIGN_STYLE = Automatic;
				DEVELOPMENT_TEAM = L6TEPJ988Q;
				INFOPLIST_FILE = COOLUITests/Info.plist;
				LD_RUNPATH_SEARCH_PATHS = (
					"$(inherited)",
					"@executable_path/Frameworks",
					"@loader_path/Frameworks",
				);
				PRODUCT_BUNDLE_IDENTIFIER = paravathi.COOLUITests;
				PRODUCT_NAME = "$(TARGET_NAME)";
				SWIFT_VERSION = 5.0;
				TARGETED_DEVICE_FAMILY = "1,2";
				TEST_TARGET_NAME = COOL;
			};
			name = Development;
		};
/* End XCBuildConfiguration section */

/* Begin XCConfigurationList section */
		02F5A681252A1B50001F9753 /* Build configuration list for PBXProject "COOL" */ = {
			isa = XCConfigurationList;
			buildConfigurations = (
				02F5A6AE252A1B57001F9753 /* Development */,
				021BB5C9253E9D4E00D942F2 /* Prod */,
			);
			defaultConfigurationIsVisible = 0;
			defaultConfigurationName = Development;
		};
		02F5A6B0252A1B57001F9753 /* Build configuration list for PBXNativeTarget "COOL" */ = {
			isa = XCConfigurationList;
			buildConfigurations = (
				02F5A6B1252A1B57001F9753 /* Development */,
				021BB5CA253E9D4E00D942F2 /* Prod */,
			);
			defaultConfigurationIsVisible = 0;
			defaultConfigurationName = Development;
		};
		02F5A6B3252A1B57001F9753 /* Build configuration list for PBXNativeTarget "COOLTests" */ = {
			isa = XCConfigurationList;
			buildConfigurations = (
				02F5A6B4252A1B57001F9753 /* Development */,
				021BB5CB253E9D4E00D942F2 /* Prod */,
			);
			defaultConfigurationIsVisible = 0;
			defaultConfigurationName = Development;
		};
		02F5A6B6252A1B57001F9753 /* Build configuration list for PBXNativeTarget "COOLUITests" */ = {
			isa = XCConfigurationList;
			buildConfigurations = (
				02F5A6B7252A1B57001F9753 /* Development */,
				021BB5CC253E9D4E00D942F2 /* Prod */,
			);
			defaultConfigurationIsVisible = 0;
			defaultConfigurationName = Development;
		};
/* End XCConfigurationList section */

/* Begin XCRemoteSwiftPackageReference section */
		02051772253F27A5004A5F8C /* XCRemoteSwiftPackageReference "facebook-ios-sdk" */ = {
			isa = XCRemoteSwiftPackageReference;
			repositoryURL = "https://github.com/facebook/facebook-ios-sdk";
			requirement = {
				kind = exactVersion;
				version = 8.0.0;
			};
		};
/* End XCRemoteSwiftPackageReference section */

/* Begin XCSwiftPackageProductDependency section */
		02051773253F27A5004A5F8C /* FacebookLogin */ = {
			isa = XCSwiftPackageProductDependency;
			package = 02051772253F27A5004A5F8C /* XCRemoteSwiftPackageReference "facebook-ios-sdk" */;
			productName = FacebookLogin;
		};
		02051775253F27A5004A5F8C /* FacebookShare */ = {
			isa = XCSwiftPackageProductDependency;
			package = 02051772253F27A5004A5F8C /* XCRemoteSwiftPackageReference "facebook-ios-sdk" */;
			productName = FacebookShare;
		};
		02051777253F27A5004A5F8C /* FacebookCore */ = {
			isa = XCSwiftPackageProductDependency;
			package = 02051772253F27A5004A5F8C /* XCRemoteSwiftPackageReference "facebook-ios-sdk" */;
			productName = FacebookCore;
		};
/* End XCSwiftPackageProductDependency section */
	};
	rootObject = 02F5A67E252A1B50001F9753 /* Project object */;
}
